{
    "name": "react-flask-authentication",
    "version": "1.0.1",
    "lockfileVersion": 2,
    "requires": true,
    "packages": {
        "": {
            "name": "react-flask-authentication",
            "version": "1.0.1",
            "devDependencies": {},
            "engines": {
                "node": ">=10.0.0"
            }
        }
    }
}
